// !$*UTF8*$!
{
	archiveVersion = 1;
	classes = {
	};
	objectVersion = 46;
	objects = {

/* Begin PBXBuildFile section */
		5C17529A1E9DA7A1004CD0A4 /* AppDelegate.swift in Sources */ = {isa = PBXBuildFile; fileRef = 5C1752991E9DA7A0004CD0A4 /* AppDelegate.swift */; };
		5C17529C1E9DA7A1004CD0A4 /* SignInViewController.swift in Sources */ = {isa = PBXBuildFile; fileRef = 5C17529B1E9DA7A1004CD0A4 /* SignInViewController.swift */; };
		5C17529E1E9DA7A1004CD0A4 /* SecondViewController.swift in Sources */ = {isa = PBXBuildFile; fileRef = 5C17529D1E9DA7A1004CD0A4 /* SecondViewController.swift */; };
		5C1752A11E9DA7A1004CD0A4 /* Main.storyboard in Resources */ = {isa = PBXBuildFile; fileRef = 5C17529F1E9DA7A1004CD0A4 /* Main.storyboard */; };
		5C1752A31E9DA7A1004CD0A4 /* Assets.xcassets in Resources */ = {isa = PBXBuildFile; fileRef = 5C1752A21E9DA7A1004CD0A4 /* Assets.xcassets */; };
		5C1752A61E9DA7A1004CD0A4 /* LaunchScreen.storyboard in Resources */ = {isa = PBXBuildFile; fileRef = 5C1752A41E9DA7A1004CD0A4 /* LaunchScreen.storyboard */; };
		5C66B1B51EB1329A00DF6DFC /* KeychainAccess.swift in Sources */ = {isa = PBXBuildFile; fileRef = 5C66B1B41EB1329A00DF6DFC /* KeychainAccess.swift */; };
		5C66B1BF1EB1784E00DF6DFC /* Development.xcconfig in Resources */ = {isa = PBXBuildFile; fileRef = 5C66B1BC1EB1784E00DF6DFC /* Development.xcconfig */; };
		5C66B1C01EB1784E00DF6DFC /* Release.xcconfig in Resources */ = {isa = PBXBuildFile; fileRef = 5C66B1BD1EB1784E00DF6DFC /* Release.xcconfig */; };
		5C66B1C11EB1784E00DF6DFC /* Debug.xcconfig in Resources */ = {isa = PBXBuildFile; fileRef = 5C66B1BE1EB1784E00DF6DFC /* Debug.xcconfig */; };
		A31FEC021E9EA9DD00A28723 /* FBSDKLoginKit.framework in Frameworks */ = {isa = PBXBuildFile; fileRef = A31FEC011E9EA9DD00A28723 /* FBSDKLoginKit.framework */; };
		A31FEC041E9EAC3F00A28723 /* FBSDKCoreKit.framework in Frameworks */ = {isa = PBXBuildFile; fileRef = A31FEC031E9EAC3F00A28723 /* FBSDKCoreKit.framework */; };
		D5089FEDAE911AD5A2BB60B9 /* Pods_SMI_Influencers.framework in Frameworks */ = {isa = PBXBuildFile; fileRef = 9D7ED75559AA3FDC1DD66CAF /* Pods_SMI_Influencers.framework */; };
		DA290D691EAA791000FB24DB /* AnalyticsViewController.swift in Sources */ = {isa = PBXBuildFile; fileRef = DA290D681EAA791000FB24DB /* AnalyticsViewController.swift */; };
		DAD7DA6D1EA872B800E01F97 /* Crashlytics.framework in Frameworks */ = {isa = PBXBuildFile; fileRef = DAD7DA6C1EA872B800E01F97 /* Crashlytics.framework */; };
		DAF7BD091EA52EFF00DACC7D /* LoginViewController.swift in Sources */ = {isa = PBXBuildFile; fileRef = DAF7BD081EA52EFF00DACC7D /* LoginViewController.swift */; };
/* End PBXBuildFile section */

/* Begin PBXFileReference section */
		10D97197C640A57D1905EB81 /* Pods-SMI-Influencers.debug.xcconfig */ = {isa = PBXFileReference; includeInIndex = 1; lastKnownFileType = text.xcconfig; name = "Pods-SMI-Influencers.debug.xcconfig"; path = "Pods/Target Support Files/Pods-SMI-Influencers/Pods-SMI-Influencers.debug.xcconfig"; sourceTree = "<group>"; };
		5014618A6ED366023EDB1194 /* Pods-SMI-Influencers.release.xcconfig */ = {isa = PBXFileReference; includeInIndex = 1; lastKnownFileType = text.xcconfig; name = "Pods-SMI-Influencers.release.xcconfig"; path = "Pods/Target Support Files/Pods-SMI-Influencers/Pods-SMI-Influencers.release.xcconfig"; sourceTree = "<group>"; };
		5C1752961E9DA7A0004CD0A4 /* SMI-Influencers.app */ = {isa = PBXFileReference; explicitFileType = wrapper.application; includeInIndex = 0; path = "SMI-Influencers.app"; sourceTree = BUILT_PRODUCTS_DIR; };
		5C1752991E9DA7A0004CD0A4 /* AppDelegate.swift */ = {isa = PBXFileReference; lastKnownFileType = sourcecode.swift; path = AppDelegate.swift; sourceTree = "<group>"; };
		5C17529B1E9DA7A1004CD0A4 /* SignInViewController.swift */ = {isa = PBXFileReference; lastKnownFileType = sourcecode.swift; path = SignInViewController.swift; sourceTree = "<group>"; };
		5C17529D1E9DA7A1004CD0A4 /* SecondViewController.swift */ = {isa = PBXFileReference; lastKnownFileType = sourcecode.swift; path = SecondViewController.swift; sourceTree = "<group>"; };
		5C1752A01E9DA7A1004CD0A4 /* Base */ = {isa = PBXFileReference; lastKnownFileType = file.storyboard; name = Base; path = Base.lproj/Main.storyboard; sourceTree = "<group>"; };
		5C1752A21E9DA7A1004CD0A4 /* Assets.xcassets */ = {isa = PBXFileReference; lastKnownFileType = folder.assetcatalog; path = Assets.xcassets; sourceTree = "<group>"; };
		5C1752A51E9DA7A1004CD0A4 /* Base */ = {isa = PBXFileReference; lastKnownFileType = file.storyboard; name = Base; path = Base.lproj/LaunchScreen.storyboard; sourceTree = "<group>"; };
		5C1752A71E9DA7A1004CD0A4 /* Info.plist */ = {isa = PBXFileReference; lastKnownFileType = text.plist.xml; path = Info.plist; sourceTree = "<group>"; };
		5C66B1B41EB1329A00DF6DFC /* KeychainAccess.swift */ = {isa = PBXFileReference; fileEncoding = 4; lastKnownFileType = sourcecode.swift; path = KeychainAccess.swift; sourceTree = "<group>"; };
		5C66B1BC1EB1784E00DF6DFC /* Development.xcconfig */ = {isa = PBXFileReference; fileEncoding = 4; lastKnownFileType = text.xcconfig; path = Development.xcconfig; sourceTree = "<group>"; };
		5C66B1BD1EB1784E00DF6DFC /* Release.xcconfig */ = {isa = PBXFileReference; fileEncoding = 4; lastKnownFileType = text.xcconfig; path = Release.xcconfig; sourceTree = "<group>"; };
		5C66B1BE1EB1784E00DF6DFC /* Debug.xcconfig */ = {isa = PBXFileReference; fileEncoding = 4; lastKnownFileType = text.xcconfig; path = Debug.xcconfig; sourceTree = "<group>"; };
		9D7ED75559AA3FDC1DD66CAF /* Pods_SMI_Influencers.framework */ = {isa = PBXFileReference; explicitFileType = wrapper.framework; includeInIndex = 0; path = Pods_SMI_Influencers.framework; sourceTree = BUILT_PRODUCTS_DIR; };
		A31FEC011E9EA9DD00A28723 /* FBSDKLoginKit.framework */ = {isa = PBXFileReference; lastKnownFileType = wrapper.framework; path = FBSDKLoginKit.framework; sourceTree = "<group>"; };
		A31FEC031E9EAC3F00A28723 /* FBSDKCoreKit.framework */ = {isa = PBXFileReference; lastKnownFileType = wrapper.framework; name = FBSDKCoreKit.framework; path = "FacebookSDKs-iOS-4.21.0/FBSDKCoreKit.framework"; sourceTree = "<group>"; };
		DA290D681EAA791000FB24DB /* AnalyticsViewController.swift */ = {isa = PBXFileReference; fileEncoding = 4; lastKnownFileType = sourcecode.swift; path = AnalyticsViewController.swift; sourceTree = "<group>"; };
		DAD7DA6C1EA872B800E01F97 /* Crashlytics.framework */ = {isa = PBXFileReference; lastKnownFileType = wrapper.framework; name = Crashlytics.framework; path = ../../../../../../Downloads/Crashlytics.framework; sourceTree = "<group>"; };
		DAF7BD081EA52EFF00DACC7D /* LoginViewController.swift */ = {isa = PBXFileReference; fileEncoding = 4; lastKnownFileType = sourcecode.swift; path = LoginViewController.swift; sourceTree = "<group>"; };
		FA77CC1A955F410ACE2D82B1 /* Pods-SMI-Influencers.development.xcconfig */ = {isa = PBXFileReference; includeInIndex = 1; lastKnownFileType = text.xcconfig; name = "Pods-SMI-Influencers.development.xcconfig"; path = "Pods/Target Support Files/Pods-SMI-Influencers/Pods-SMI-Influencers.development.xcconfig"; sourceTree = "<group>"; };
/* End PBXFileReference section */

/* Begin PBXFrameworksBuildPhase section */
		5C1752931E9DA7A0004CD0A4 /* Frameworks */ = {
			isa = PBXFrameworksBuildPhase;
			buildActionMask = 2147483647;
			files = (
				A31FEC021E9EA9DD00A28723 /* FBSDKLoginKit.framework in Frameworks */,
				A31FEC041E9EAC3F00A28723 /* FBSDKCoreKit.framework in Frameworks */,
				DAD7DA6D1EA872B800E01F97 /* Crashlytics.framework in Frameworks */,
				D5089FEDAE911AD5A2BB60B9 /* Pods_SMI_Influencers.framework in Frameworks */,
			);
			runOnlyForDeploymentPostprocessing = 0;
		};
/* End PBXFrameworksBuildPhase section */

/* Begin PBXGroup section */
		5C17528D1E9DA7A0004CD0A4 = {
			isa = PBXGroup;
			children = (
				5C1752981E9DA7A0004CD0A4 /* SMI-Influencers */,
				5C1752971E9DA7A0004CD0A4 /* Products */,
				A750D1E71377A08ED492D879 /* Pods */,
				839F9FF249A1E0EA19AA07DF /* Frameworks */,
			);
			sourceTree = "<group>";
		};
		5C1752971E9DA7A0004CD0A4 /* Products */ = {
			isa = PBXGroup;
			children = (
				5C1752961E9DA7A0004CD0A4 /* SMI-Influencers.app */,
			);
			name = Products;
			sourceTree = "<group>";
		};
		5C1752981E9DA7A0004CD0A4 /* SMI-Influencers */ = {
			isa = PBXGroup;
			children = (
				A3FA1FF11EAEB4C8007A6AE4 /* Config */,
				A31FEC001E9EA9BE00A28723 /* Frameworks */,
				A31FEBFE1E9EA93200A28723 /* API Clients */,
				A31FEBFB1E9EA91400A28723 /* View Controllers */,
				A31FEBFD1E9EA92B00A28723 /* Views */,
				A31FEBFC1E9EA92500A28723 /* Models */,
				5C17529F1E9DA7A1004CD0A4 /* Main.storyboard */,
				5C66B1B41EB1329A00DF6DFC /* KeychainAccess.swift */,
				5C1752A41E9DA7A1004CD0A4 /* LaunchScreen.storyboard */,
				A31FEBFF1E9EA95600A28723 /* Assets */,
			);
			path = "SMI-Influencers";
			sourceTree = "<group>";
		};
		839F9FF249A1E0EA19AA07DF /* Frameworks */ = {
			isa = PBXGroup;
			children = (
				9D7ED75559AA3FDC1DD66CAF /* Pods_SMI_Influencers.framework */,
			);
			name = Frameworks;
			sourceTree = "<group>";
		};
		A31FEBFB1E9EA91400A28723 /* View Controllers */ = {
			isa = PBXGroup;
			children = (
				5C17529B1E9DA7A1004CD0A4 /* SignInViewController.swift */,
				5C17529D1E9DA7A1004CD0A4 /* SecondViewController.swift */,
				DAF7BD081EA52EFF00DACC7D /* LoginViewController.swift */,
				DA290D681EAA791000FB24DB /* AnalyticsViewController.swift */,
			);
			name = "View Controllers";
			sourceTree = "<group>";
		};
		A31FEBFC1E9EA92500A28723 /* Models */ = {
			isa = PBXGroup;
			children = (
			);
			name = Models;
			sourceTree = "<group>";
		};
		A31FEBFD1E9EA92B00A28723 /* Views */ = {
			isa = PBXGroup;
			children = (
			);
			name = Views;
			sourceTree = "<group>";
		};
		A31FEBFE1E9EA93200A28723 /* API Clients */ = {
			isa = PBXGroup;
			children = (
			);
			name = "API Clients";
			sourceTree = "<group>";
		};
		A31FEBFF1E9EA95600A28723 /* Assets */ = {
			isa = PBXGroup;
			children = (
				5C1752991E9DA7A0004CD0A4 /* AppDelegate.swift */,
				5C1752A21E9DA7A1004CD0A4 /* Assets.xcassets */,
				5C1752A71E9DA7A1004CD0A4 /* Info.plist */,
			);
			name = Assets;
			sourceTree = "<group>";
		};
		A31FEC001E9EA9BE00A28723 /* Frameworks */ = {
			isa = PBXGroup;
			children = (
				DAD7DA6C1EA872B800E01F97 /* Crashlytics.framework */,
				A31FEC031E9EAC3F00A28723 /* FBSDKCoreKit.framework */,
				A31FEC011E9EA9DD00A28723 /* FBSDKLoginKit.framework */,
			);
			name = Frameworks;
			sourceTree = "<group>";
		};
		A3FA1FF11EAEB4C8007A6AE4 /* Config */ = {
			isa = PBXGroup;
			children = (
				5C66B1BC1EB1784E00DF6DFC /* Development.xcconfig */,
				5C66B1BD1EB1784E00DF6DFC /* Release.xcconfig */,
				5C66B1BE1EB1784E00DF6DFC /* Debug.xcconfig */,
			);
			name = Config;
			sourceTree = "<group>";
		};
		A750D1E71377A08ED492D879 /* Pods */ = {
			isa = PBXGroup;
			children = (
				10D97197C640A57D1905EB81 /* Pods-SMI-Influencers.debug.xcconfig */,
				5014618A6ED366023EDB1194 /* Pods-SMI-Influencers.release.xcconfig */,
				FA77CC1A955F410ACE2D82B1 /* Pods-SMI-Influencers.development.xcconfig */,
			);
			name = Pods;
			sourceTree = "<group>";
		};
/* End PBXGroup section */

/* Begin PBXNativeTarget section */
		5C1752951E9DA7A0004CD0A4 /* SMI-Influencers */ = {
			isa = PBXNativeTarget;
			buildConfigurationList = 5C1752AA1E9DA7A1004CD0A4 /* Build configuration list for PBXNativeTarget "SMI-Influencers" */;
			buildPhases = (
				C35D5739B70AD70FBB6E0DEE /* [CP] Check Pods Manifest.lock */,
				5C1752921E9DA7A0004CD0A4 /* Sources */,
				5C1752931E9DA7A0004CD0A4 /* Frameworks */,
				5C1752941E9DA7A0004CD0A4 /* Resources */,
				C235A039FAF3F857544A3470 /* [CP] Embed Pods Frameworks */,
				A91606EE82425785825323F6 /* [CP] Copy Pods Resources */,
				DAD7DA6B1EA8059800E01F97 /* ShellScript */,
			);
			buildRules = (
			);
			dependencies = (
			);
			name = "SMI-Influencers";
			productName = "SMI-Influencers";
			productReference = 5C1752961E9DA7A0004CD0A4 /* SMI-Influencers.app */;
			productType = "com.apple.product-type.application";
		};
/* End PBXNativeTarget section */

/* Begin PBXProject section */
		5C17528E1E9DA7A0004CD0A4 /* Project object */ = {
			isa = PBXProject;
			attributes = {
				LastSwiftUpdateCheck = 0830;
				LastUpgradeCheck = 0830;
				ORGANIZATIONNAME = "Kadeem Palacios";
				TargetAttributes = {
					5C1752951E9DA7A0004CD0A4 = {
						CreatedOnToolsVersion = 8.3;
						DevelopmentTeam = R568Z9X26R;
						ProvisioningStyle = Automatic;
					};
				};
			};
			buildConfigurationList = 5C1752911E9DA7A0004CD0A4 /* Build configuration list for PBXProject "SMI-Influencers" */;
			compatibilityVersion = "Xcode 3.2";
			developmentRegion = English;
			hasScannedForEncodings = 0;
			knownRegions = (
				en,
				Base,
			);
			mainGroup = 5C17528D1E9DA7A0004CD0A4;
			productRefGroup = 5C1752971E9DA7A0004CD0A4 /* Products */;
			projectDirPath = "";
			projectRoot = "";
			targets = (
				5C1752951E9DA7A0004CD0A4 /* SMI-Influencers */,
			);
		};
/* End PBXProject section */

/* Begin PBXResourcesBuildPhase section */
		5C1752941E9DA7A0004CD0A4 /* Resources */ = {
			isa = PBXResourcesBuildPhase;
			buildActionMask = 2147483647;
			files = (
				5C66B1C01EB1784E00DF6DFC /* Release.xcconfig in Resources */,
				5C1752A61E9DA7A1004CD0A4 /* LaunchScreen.storyboard in Resources */,
				5C66B1BF1EB1784E00DF6DFC /* Development.xcconfig in Resources */,
				5C1752A31E9DA7A1004CD0A4 /* Assets.xcassets in Resources */,
				5C1752A11E9DA7A1004CD0A4 /* Main.storyboard in Resources */,
				5C66B1C11EB1784E00DF6DFC /* Debug.xcconfig in Resources */,
			);
			runOnlyForDeploymentPostprocessing = 0;
		};
/* End PBXResourcesBuildPhase section */

/* Begin PBXShellScriptBuildPhase section */
		A91606EE82425785825323F6 /* [CP] Copy Pods Resources */ = {
			isa = PBXShellScriptBuildPhase;
			buildActionMask = 2147483647;
			files = (
			);
			inputPaths = (
			);
			name = "[CP] Copy Pods Resources";
			outputPaths = (
			);
			runOnlyForDeploymentPostprocessing = 0;
			shellPath = /bin/sh;
			shellScript = "\"${SRCROOT}/Pods/Target Support Files/Pods-SMI-Influencers/Pods-SMI-Influencers-resources.sh\"\n";
			showEnvVarsInLog = 0;
		};
		C235A039FAF3F857544A3470 /* [CP] Embed Pods Frameworks */ = {
			isa = PBXShellScriptBuildPhase;
			buildActionMask = 2147483647;
			files = (
			);
			inputPaths = (
			);
			name = "[CP] Embed Pods Frameworks";
			outputPaths = (
			);
			runOnlyForDeploymentPostprocessing = 0;
			shellPath = /bin/sh;
			shellScript = "\"${SRCROOT}/Pods/Target Support Files/Pods-SMI-Influencers/Pods-SMI-Influencers-frameworks.sh\"\n";
			showEnvVarsInLog = 0;
		};
		C35D5739B70AD70FBB6E0DEE /* [CP] Check Pods Manifest.lock */ = {
			isa = PBXShellScriptBuildPhase;
			buildActionMask = 2147483647;
			files = (
			);
			inputPaths = (
			);
			name = "[CP] Check Pods Manifest.lock";
			outputPaths = (
			);
			runOnlyForDeploymentPostprocessing = 0;
			shellPath = /bin/sh;
			shellScript = "diff \"${PODS_PODFILE_DIR_PATH}/Podfile.lock\" \"${PODS_ROOT}/Manifest.lock\" > /dev/null\nif [ $? != 0 ] ; then\n    # print error to STDERR\n    echo \"error: The sandbox is not in sync with the Podfile.lock. Run 'pod install' or update your CocoaPods installation.\" >&2\n    exit 1\nfi\n";
			showEnvVarsInLog = 0;
		};
		DAD7DA6B1EA8059800E01F97 /* ShellScript */ = {
			isa = PBXShellScriptBuildPhase;
			buildActionMask = 2147483647;
			files = (
			);
			inputPaths = (
			);
			outputPaths = (
			);
			runOnlyForDeploymentPostprocessing = 0;
			shellPath = /bin/sh;
			shellScript = "\"${PODS_ROOT}/Fabric/run\" 2036b3d54d9efef042e0142f71edef71b146a349 bb7ddd7dcbc5030ae21a30187c550b2b34ac0fca068af72925acf23011fe945d";
		};
/* End PBXShellScriptBuildPhase section */

/* Begin PBXSourcesBuildPhase section */
		5C1752921E9DA7A0004CD0A4 /* Sources */ = {
			isa = PBXSourcesBuildPhase;
			buildActionMask = 2147483647;
			files = (
				DAF7BD091EA52EFF00DACC7D /* LoginViewController.swift in Sources */,
				5C66B1B51EB1329A00DF6DFC /* KeychainAccess.swift in Sources */,
				5C17529E1E9DA7A1004CD0A4 /* SecondViewController.swift in Sources */,
				DA290D691EAA791000FB24DB /* AnalyticsViewController.swift in Sources */,
				5C17529A1E9DA7A1004CD0A4 /* AppDelegate.swift in Sources */,
				5C17529C1E9DA7A1004CD0A4 /* SignInViewController.swift in Sources */,
			);
			runOnlyForDeploymentPostprocessing = 0;
		};
/* End PBXSourcesBuildPhase section */

/* Begin PBXVariantGroup section */
		5C17529F1E9DA7A1004CD0A4 /* Main.storyboard */ = {
			isa = PBXVariantGroup;
			children = (
				5C1752A01E9DA7A1004CD0A4 /* Base */,
			);
			name = Main.storyboard;
			sourceTree = "<group>";
		};
		5C1752A41E9DA7A1004CD0A4 /* LaunchScreen.storyboard */ = {
			isa = PBXVariantGroup;
			children = (
				5C1752A51E9DA7A1004CD0A4 /* Base */,
			);
			name = LaunchScreen.storyboard;
			sourceTree = "<group>";
		};
/* End PBXVariantGroup section */

/* Begin XCBuildConfiguration section */
		5C1752A81E9DA7A1004CD0A4 /* Debug */ = {
			isa = XCBuildConfiguration;
			baseConfigurationReference = 5C66B1BE1EB1784E00DF6DFC /* Debug.xcconfig */;
			buildSettings = {
				ALWAYS_SEARCH_USER_PATHS = NO;
				CLANG_ANALYZER_NONNULL = YES;
				CLANG_ANALYZER_NUMBER_OBJECT_CONVERSION = YES_AGGRESSIVE;
				CLANG_CXX_LANGUAGE_STANDARD = "gnu++0x";
				CLANG_CXX_LIBRARY = "libc++";
				CLANG_ENABLE_MODULES = YES;
				CLANG_ENABLE_OBJC_ARC = YES;
				CLANG_WARN_BOOL_CONVERSION = YES;
				CLANG_WARN_CONSTANT_CONVERSION = YES;
				CLANG_WARN_DIRECT_OBJC_ISA_USAGE = YES_ERROR;
				CLANG_WARN_DOCUMENTATION_COMMENTS = YES;
				CLANG_WARN_EMPTY_BODY = YES;
				CLANG_WARN_ENUM_CONVERSION = YES;
				CLANG_WARN_INFINITE_RECURSION = YES;
				CLANG_WARN_INT_CONVERSION = YES;
				CLANG_WARN_OBJC_ROOT_CLASS = YES_ERROR;
				CLANG_WARN_SUSPICIOUS_MOVE = YES;
				CLANG_WARN_UNREACHABLE_CODE = YES;
				CLANG_WARN__DUPLICATE_METHOD_MATCH = YES;
				"CODE_SIGN_IDENTITY[sdk=iphoneos*]" = "iPhone Developer";
				COPY_PHASE_STRIP = NO;
				DEBUG_INFORMATION_FORMAT = dwarf;
				ENABLE_STRICT_OBJC_MSGSEND = YES;
				ENABLE_TESTABILITY = YES;
				GCC_C_LANGUAGE_STANDARD = gnu99;
				GCC_DYNAMIC_NO_PIC = NO;
				GCC_NO_COMMON_BLOCKS = YES;
				GCC_OPTIMIZATION_LEVEL = 0;
				GCC_PREPROCESSOR_DEFINITIONS = (
					"DEBUG=1",
					"$(inherited)",
				);
				GCC_WARN_64_TO_32_BIT_CONVERSION = YES;
				GCC_WARN_ABOUT_RETURN_TYPE = YES_ERROR;
				GCC_WARN_UNDECLARED_SELECTOR = YES;
				GCC_WARN_UNINITIALIZED_AUTOS = YES_AGGRESSIVE;
				GCC_WARN_UNUSED_FUNCTION = YES;
				GCC_WARN_UNUSED_VARIABLE = YES;
				IPHONEOS_DEPLOYMENT_TARGET = 10.3;
				MTL_ENABLE_DEBUG_INFO = YES;
				ONLY_ACTIVE_ARCH = YES;
				SDKROOT = iphoneos;
				SWIFT_ACTIVE_COMPILATION_CONDITIONS = DEBUG;
				SWIFT_OPTIMIZATION_LEVEL = "-Onone";
				TARGETED_DEVICE_FAMILY = "1,2";
			};
			name = Debug;
		};
		5C1752A91E9DA7A1004CD0A4 /* Release */ = {
			isa = XCBuildConfiguration;
			baseConfigurationReference = 5C66B1BD1EB1784E00DF6DFC /* Release.xcconfig */;
			buildSettings = {
				ALWAYS_SEARCH_USER_PATHS = NO;
				CLANG_ANALYZER_NONNULL = YES;
				CLANG_ANALYZER_NUMBER_OBJECT_CONVERSION = YES_AGGRESSIVE;
				CLANG_CXX_LANGUAGE_STANDARD = "gnu++0x";
				CLANG_CXX_LIBRARY = "libc++";
				CLANG_ENABLE_MODULES = YES;
				CLANG_ENABLE_OBJC_ARC = YES;
				CLANG_WARN_BOOL_CONVERSION = YES;
				CLANG_WARN_CONSTANT_CONVERSION = YES;
				CLANG_WARN_DIRECT_OBJC_ISA_USAGE = YES_ERROR;
				CLANG_WARN_DOCUMENTATION_COMMENTS = YES;
				CLANG_WARN_EMPTY_BODY = YES;
				CLANG_WARN_ENUM_CONVERSION = YES;
				CLANG_WARN_INFINITE_RECURSION = YES;
				CLANG_WARN_INT_CONVERSION = YES;
				CLANG_WARN_OBJC_ROOT_CLASS = YES_ERROR;
				CLANG_WARN_SUSPICIOUS_MOVE = YES;
				CLANG_WARN_UNREACHABLE_CODE = YES;
				CLANG_WARN__DUPLICATE_METHOD_MATCH = YES;
				"CODE_SIGN_IDENTITY[sdk=iphoneos*]" = "iPhone Developer";
				COPY_PHASE_STRIP = NO;
				DEBUG_INFORMATION_FORMAT = "dwarf-with-dsym";
				ENABLE_NS_ASSERTIONS = NO;
				ENABLE_STRICT_OBJC_MSGSEND = YES;
				GCC_C_LANGUAGE_STANDARD = gnu99;
				GCC_NO_COMMON_BLOCKS = YES;
				GCC_WARN_64_TO_32_BIT_CONVERSION = YES;
				GCC_WARN_ABOUT_RETURN_TYPE = YES_ERROR;
				GCC_WARN_UNDECLARED_SELECTOR = YES;
				GCC_WARN_UNINITIALIZED_AUTOS = YES_AGGRESSIVE;
				GCC_WARN_UNUSED_FUNCTION = YES;
				GCC_WARN_UNUSED_VARIABLE = YES;
				IPHONEOS_DEPLOYMENT_TARGET = 10.3;
				MTL_ENABLE_DEBUG_INFO = NO;
				SDKROOT = iphoneos;
				SWIFT_OPTIMIZATION_LEVEL = "-Owholemodule";
				TARGETED_DEVICE_FAMILY = "1,2";
				VALIDATE_PRODUCT = YES;
			};
			name = Release;
		};
		5C1752AB1E9DA7A1004CD0A4 /* Debug */ = {
			isa = XCBuildConfiguration;
			baseConfigurationReference = 5C66B1BE1EB1784E00DF6DFC /* Debug.xcconfig */;
			buildSettings = {
				ASSETCATALOG_COMPILER_APPICON_NAME = AppIcon;
				DEVELOPMENT_TEAM = R568Z9X26R;
				FRAMEWORK_SEARCH_PATHS = (
					"$(inherited)",
					"$(PROJECT_DIR)/SMI-Influencers/FacebookSDKs-iOS-4.21.0/**",
				);
				INFOPLIST_FILE = "SMI-Influencers/Info.plist";
				IPHONEOS_DEPLOYMENT_TARGET = 9.0;
				LD_RUNPATH_SEARCH_PATHS = "$(inherited) @executable_path/Frameworks";
				PRODUCT_BUNDLE_IDENTIFIER = "com.SMI-Influencers";
				PRODUCT_NAME = "$(TARGET_NAME)";
				SWIFT_VERSION = 3.0;
			};
			name = Debug;
		};
		5C1752AC1E9DA7A1004CD0A4 /* Release */ = {
			isa = XCBuildConfiguration;
			baseConfigurationReference = 5C66B1BD1EB1784E00DF6DFC /* Release.xcconfig */;
			buildSettings = {
				ASSETCATALOG_COMPILER_APPICON_NAME = AppIcon;
				DEVELOPMENT_TEAM = R568Z9X26R;
				FRAMEWORK_SEARCH_PATHS = (
					"$(inherited)",
					"$(PROJECT_DIR)/SMI-Influencers/FacebookSDKs-iOS-4.21.0/**",
				);
				INFOPLIST_FILE = "SMI-Influencers/Info.plist";
				IPHONEOS_DEPLOYMENT_TARGET = 9.0;
				LD_RUNPATH_SEARCH_PATHS = "$(inherited) @executable_path/Frameworks";
				PRODUCT_BUNDLE_IDENTIFIER = "com.SMI-Influencers";
				PRODUCT_NAME = "$(TARGET_NAME)";
				SWIFT_VERSION = 3.0;
			};
			name = Release;
		};
		A3FA1FF51EAEB51D007A6AE4 /* Development */ = {
			isa = XCBuildConfiguration;
			baseConfigurationReference = 5C66B1BC1EB1784E00DF6DFC /* Development.xcconfig */;
			buildSettings = {
				ALWAYS_SEARCH_USER_PATHS = NO;
				CLANG_ANALYZER_NONNULL = YES;
				CLANG_ANALYZER_NUMBER_OBJECT_CONVERSION = YES_AGGRESSIVE;
				CLANG_CXX_LANGUAGE_STANDARD = "gnu++0x";
				CLANG_CXX_LIBRARY = "libc++";
				CLANG_ENABLE_MODULES = YES;
				CLANG_ENABLE_OBJC_ARC = YES;
				CLANG_WARN_BOOL_CONVERSION = YES;
				CLANG_WARN_CONSTANT_CONVERSION = YES;
				CLANG_WARN_DIRECT_OBJC_ISA_USAGE = YES_ERROR;
				CLANG_WARN_DOCUMENTATION_COMMENTS = YES;
				CLANG_WARN_EMPTY_BODY = YES;
				CLANG_WARN_ENUM_CONVERSION = YES;
				CLANG_WARN_INFINITE_RECURSION = YES;
				CLANG_WARN_INT_CONVERSION = YES;
				CLANG_WARN_OBJC_ROOT_CLASS = YES_ERROR;
				CLANG_WARN_SUSPICIOUS_MOVE = YES;
				CLANG_WARN_UNREACHABLE_CODE = YES;
				CLANG_WARN__DUPLICATE_METHOD_MATCH = YES;
				"CODE_SIGN_IDENTITY[sdk=iphoneos*]" = "iPhone Developer";
				COPY_PHASE_STRIP = NO;
				DEBUG_INFORMATION_FORMAT = dwarf;
				ENABLE_STRICT_OBJC_MSGSEND = YES;
				ENABLE_TESTABILITY = YES;
				GCC_C_LANGUAGE_STANDARD = gnu99;
				GCC_DYNAMIC_NO_PIC = NO;
				GCC_NO_COMMON_BLOCKS = YES;
				GCC_OPTIMIZATION_LEVEL = 0;
				GCC_PREPROCESSOR_DEFINITIONS = (
					"DEBUG=1",
					"$(inherited)",
				);
				GCC_WARN_64_TO_32_BIT_CONVERSION = YES;
				GCC_WARN_ABOUT_RETURN_TYPE = YES_ERROR;
				GCC_WARN_UNDECLARED_SELECTOR = YES;
				GCC_WARN_UNINITIALIZED_AUTOS = YES_AGGRESSIVE;
				GCC_WARN_UNUSED_FUNCTION = YES;
				GCC_WARN_UNUSED_VARIABLE = YES;
				IPHONEOS_DEPLOYMENT_TARGET = 10.3;
				MTL_ENABLE_DEBUG_INFO = YES;
				ONLY_ACTIVE_ARCH = YES;
				SDKROOT = iphoneos;
				SWIFT_ACTIVE_COMPILATION_CONDITIONS = DEBUG;
				SWIFT_OPTIMIZATION_LEVEL = "-Onone";
				TARGETED_DEVICE_FAMILY = "1,2";
			};
			name = Development;
		};
		A3FA1FF61EAEB51D007A6AE4 /* Development */ = {
			isa = XCBuildConfiguration;
			baseConfigurationReference = 5C66B1BC1EB1784E00DF6DFC /* Development.xcconfig */;
			buildSettings = {
				ASSETCATALOG_COMPILER_APPICON_NAME = AppIcon;
				DEVELOPMENT_TEAM = R568Z9X26R;
				FRAMEWORK_SEARCH_PATHS = (
					"$(inherited)",
					"$(PROJECT_DIR)/SMI-Influencers/FacebookSDKs-iOS-4.21.0/**",
				);
				INFOPLIST_FILE = "SMI-Influencers/Info.plist";
				IPHONEOS_DEPLOYMENT_TARGET = 9.0;
				LD_RUNPATH_SEARCH_PATHS = "$(inherited) @executable_path/Frameworks";
				PRODUCT_BUNDLE_IDENTIFIER = "com.SMI-Influencers";
				PRODUCT_NAME = "$(TARGET_NAME)";
				SWIFT_VERSION = 3.0;
			};
			name = Development;
		};
/* End XCBuildConfiguration section */

/* Begin XCConfigurationList section */
		5C1752911E9DA7A0004CD0A4 /* Build configuration list for PBXProject "SMI-Influencers" */ = {
			isa = XCConfigurationList;
			buildConfigurations = (
				5C1752A81E9DA7A1004CD0A4 /* Debug */,
				A3FA1FF51EAEB51D007A6AE4 /* Development */,
				5C1752A91E9DA7A1004CD0A4 /* Release */,
			);
			defaultConfigurationIsVisible = 0;
			defaultConfigurationName = Release;
		};
		5C1752AA1E9DA7A1004CD0A4 /* Build configuration list for PBXNativeTarget "SMI-Influencers" */ = {
			isa = XCConfigurationList;
			buildConfigurations = (
				5C1752AB1E9DA7A1004CD0A4 /* Debug */,
				A3FA1FF61EAEB51D007A6AE4 /* Development */,
				5C1752AC1E9DA7A1004CD0A4 /* Release */,
			);
			defaultConfigurationIsVisible = 0;
			defaultConfigurationName = Release;
		};
/* End XCConfigurationList section */
	};
	rootObject = 5C17528E1E9DA7A0004CD0A4 /* Project object */;
}
